
Microsoft Visual Studio Solution File, Format Version 12.00
# Visual Studio Version 17
VisualStudioVersion = 17.7.34003.232
MinimumVisualStudioVersion = 10.0.40219.1
Project("{FAE04EC0-301F-11D3-BF4B-00C04F79EFBC}") = "WinFormsApp1", "WinFormsApp1.csproj", "{A17EB27D-5DCD-4DE3-BAC3-CA948EEF0C55}"
EndProject
Global
	GlobalSection(SolutionConfigurationPlatforms) = preSolution
		Debug|Any CPU = Debug|Any CPU
		Release|Any CPU = Release|Any CPU
	EndGlobalSection
	GlobalSection(ProjectConfigurationPlatforms) = postSolution
		{A17EB27D-5DCD-4DE3-BAC3-CA948EEF0C55}.Debug|Any CPU.ActiveCfg = Debug|Any CPU
		{A17EB27D-5DCD-4DE3-BAC3-CA948EEF0C55}.Debug|Any CPU.Build.0 = Debug|Any CPU
		{A17EB27D-5DCD-4DE3-BAC3-CA948EEF0C55}.Release|Any CPU.ActiveCfg = Release|Any CPU
		{A17EB27D-5DCD-4DE3-BAC3-CA948EEF0C55}.Release|Any CPU.Build.0 = Release|Any CPU
	EndGlobalSection
	GlobalSection(SolutionProperties) = preSolution
		HideSolutionNode = FALSE
	EndGlobalSection
	GlobalSection(ExtensibilityGlobals) = postSolution
		SolutionGuid = {64AA4882-F2B4-48F3-88F0-29F945B01BC3}
	EndGlobalSection
EndGlobal
